
Microsoft Visual Studio Solution File, Format Version 12.00
# Visual Studio Version 17
VisualStudioVersion = 17.0.31912.275
MinimumVisualStudioVersion = 10.0.40219.1
Project("{9A19103F-16F7-4668-BE54-9A1E7A4F7556}") = "Task1", "Task1\Task1.csproj", "{78301B3D-9EE4-4311-B60B-2C011BE9D4A9}"
EndProject
Project("{9A19103F-16F7-4668-BE54-9A1E7A4F7556}") = "Task2", "Task2\Task2.csproj", "{65192D20-9703-41B4-B7DA-1D07D1069253}"
EndProject
Project("{FAE04EC0-301F-11D3-BF4B-00C04F79EFBC}") = "Task3", "Task3\Task3.csproj", "{61B1EE1D-2CD4-4A84-9EA3-B078ED69BA45}"
EndProject
Project("{FAE04EC0-301F-11D3-BF4B-00C04F79EFBC}") = "Task4", "Task4\Task4.csproj", "{10318749-9FE3-483B-8441-34BB9EEAEF63}"
EndProject
Global
	GlobalSection(SolutionConfigurationPlatforms) = preSolution
		Debug|Any CPU = Debug|Any CPU
		Release|Any CPU = Release|Any CPU
	EndGlobalSection
	GlobalSection(ProjectConfigurationPlatforms) = postSolution
		{78301B3D-9EE4-4311-B60B-2C011BE9D4A9}.Debug|Any CPU.ActiveCfg = Debug|Any CPU
		{78301B3D-9EE4-4311-B60B-2C011BE9D4A9}.Debug|Any CPU.Build.0 = Debug|Any CPU
		{78301B3D-9EE4-4311-B60B-2C011BE9D4A9}.Release|Any CPU.ActiveCfg = Release|Any CPU
		{78301B3D-9EE4-4311-B60B-2C011BE9D4A9}.Release|Any CPU.Build.0 = Release|Any CPU
		{65192D20-9703-41B4-B7DA-1D07D1069253}.Debug|Any CPU.ActiveCfg = Debug|Any CPU
		{65192D20-9703-41B4-B7DA-1D07D1069253}.Debug|Any CPU.Build.0 = Debug|Any CPU
		{65192D20-9703-41B4-B7DA-1D07D1069253}.Release|Any CPU.ActiveCfg = Release|Any CPU
		{65192D20-9703-41B4-B7DA-1D07D1069253}.Release|Any CPU.Build.0 = Release|Any CPU
		{61B1EE1D-2CD4-4A84-9EA3-B078ED69BA45}.Debug|Any CPU.ActiveCfg = Debug|Any CPU
		{61B1EE1D-2CD4-4A84-9EA3-B078ED69BA45}.Debug|Any CPU.Build.0 = Debug|Any CPU
		{61B1EE1D-2CD4-4A84-9EA3-B078ED69BA45}.Release|Any CPU.ActiveCfg = Release|Any CPU
		{61B1EE1D-2CD4-4A84-9EA3-B078ED69BA45}.Release|Any CPU.Build.0 = Release|Any CPU
		{10318749-9FE3-483B-8441-34BB9EEAEF63}.Debug|Any CPU.ActiveCfg = Debug|Any CPU
		{10318749-9FE3-483B-8441-34BB9EEAEF63}.Debug|Any CPU.Build.0 = Debug|Any CPU
		{10318749-9FE3-483B-8441-34BB9EEAEF63}.Release|Any CPU.ActiveCfg = Release|Any CPU
		{10318749-9FE3-483B-8441-34BB9EEAEF63}.Release|Any CPU.Build.0 = Release|Any CPU
	EndGlobalSection
	GlobalSection(SolutionProperties) = preSolution
		HideSolutionNode = FALSE
	EndGlobalSection
	GlobalSection(ExtensibilityGlobals) = postSolution
		SolutionGuid = {1227F856-2F65-4531-8E10-5EC75E86E9DA}
	EndGlobalSection
EndGlobal
