
Microsoft Visual Studio Solution File, Format Version 12.00
# Visual Studio Version 16
VisualStudioVersion = 16.0.31729.503
MinimumVisualStudioVersion = 10.0.40219.1
Project("{FAE04EC0-301F-11D3-BF4B-00C04F79EFBC}") = "Tasks", "Tasks\Tasks.csproj", "{15CC74CD-25CA-47A7-A161-DA2D0B56C80D}"
EndProject
Global
	GlobalSection(SolutionConfigurationPlatforms) = preSolution
		Debug|Any CPU = Debug|Any CPU
		Release|Any CPU = Release|Any CPU
	EndGlobalSection
	GlobalSection(ProjectConfigurationPlatforms) = postSolution
		{15CC74CD-25CA-47A7-A161-DA2D0B56C80D}.Debug|Any CPU.ActiveCfg = Debug|Any CPU
		{15CC74CD-25CA-47A7-A161-DA2D0B56C80D}.Debug|Any CPU.Build.0 = Debug|Any CPU
		{15CC74CD-25CA-47A7-A161-DA2D0B56C80D}.Release|Any CPU.ActiveCfg = Release|Any CPU
		{15CC74CD-25CA-47A7-A161-DA2D0B56C80D}.Release|Any CPU.Build.0 = Release|Any CPU
	EndGlobalSection
	GlobalSection(SolutionProperties) = preSolution
		HideSolutionNode = FALSE
	EndGlobalSection
	GlobalSection(ExtensibilityGlobals) = postSolution
		SolutionGuid = {AEBBA751-A5C6-4768-9013-0F3B1516A4F1}
	EndGlobalSection
EndGlobal
