
Microsoft Visual Studio Solution File, Format Version 12.00
# Visual Studio Version 17
VisualStudioVersion = 17.0.31919.166
MinimumVisualStudioVersion = 10.0.40219.1
Project("{9A19103F-16F7-4668-BE54-9A1E7A4F7556}") = "Task1", "Task1\Task1.csproj", "{BB3BEBBD-B64F-475F-8008-72A519F011C2}"
EndProject
Project("{FAE04EC0-301F-11D3-BF4B-00C04F79EFBC}") = "Task2_1", "Task2_1\Task2_1.csproj", "{06950C9D-FA8E-43B2-B2B8-F2038B9B6144}"
EndProject
Project("{FAE04EC0-301F-11D3-BF4B-00C04F79EFBC}") = "Task2_2", "Task2_2\Task2_2.csproj", "{8AF1E135-FCE5-4E52-B880-71CE6DF3483B}"
EndProject
Global
	GlobalSection(SolutionConfigurationPlatforms) = preSolution
		Debug|Any CPU = Debug|Any CPU
		Release|Any CPU = Release|Any CPU
	EndGlobalSection
	GlobalSection(ProjectConfigurationPlatforms) = postSolution
		{BB3BEBBD-B64F-475F-8008-72A519F011C2}.Debug|Any CPU.ActiveCfg = Debug|Any CPU
		{BB3BEBBD-B64F-475F-8008-72A519F011C2}.Debug|Any CPU.Build.0 = Debug|Any CPU
		{BB3BEBBD-B64F-475F-8008-72A519F011C2}.Release|Any CPU.ActiveCfg = Release|Any CPU
		{BB3BEBBD-B64F-475F-8008-72A519F011C2}.Release|Any CPU.Build.0 = Release|Any CPU
		{06950C9D-FA8E-43B2-B2B8-F2038B9B6144}.Debug|Any CPU.ActiveCfg = Debug|Any CPU
		{06950C9D-FA8E-43B2-B2B8-F2038B9B6144}.Debug|Any CPU.Build.0 = Debug|Any CPU
		{06950C9D-FA8E-43B2-B2B8-F2038B9B6144}.Release|Any CPU.ActiveCfg = Release|Any CPU
		{06950C9D-FA8E-43B2-B2B8-F2038B9B6144}.Release|Any CPU.Build.0 = Release|Any CPU
		{8AF1E135-FCE5-4E52-B880-71CE6DF3483B}.Debug|Any CPU.ActiveCfg = Debug|Any CPU
		{8AF1E135-FCE5-4E52-B880-71CE6DF3483B}.Debug|Any CPU.Build.0 = Debug|Any CPU
		{8AF1E135-FCE5-4E52-B880-71CE6DF3483B}.Release|Any CPU.ActiveCfg = Release|Any CPU
		{8AF1E135-FCE5-4E52-B880-71CE6DF3483B}.Release|Any CPU.Build.0 = Release|Any CPU
	EndGlobalSection
	GlobalSection(SolutionProperties) = preSolution
		HideSolutionNode = FALSE
	EndGlobalSection
	GlobalSection(ExtensibilityGlobals) = postSolution
		SolutionGuid = {7E5BC450-A95D-41C4-8F16-BFCA673EA195}
	EndGlobalSection
EndGlobal
