
Microsoft Visual Studio Solution File, Format Version 12.00
# Visual Studio Version 17
VisualStudioVersion = 17.0.31912.275
MinimumVisualStudioVersion = 10.0.40219.1
Project("{9A19103F-16F7-4668-BE54-9A1E7A4F7556}") = "Task4", "Task4\Task4.csproj", "{88B0CC99-4DC4-4BD3-B9BB-C15B6E4FC131}"
EndProject
Project("{9A19103F-16F7-4668-BE54-9A1E7A4F7556}") = "Task3", "Task3\Task3.csproj", "{E050C1DB-8D04-4A20-A442-E5FB777FB10E}"
EndProject
Project("{9A19103F-16F7-4668-BE54-9A1E7A4F7556}") = "Task2", "Task2\Task2.csproj", "{45680C88-437D-4E85-B3FC-53F27F290638}"
EndProject
Project("{FAE04EC0-301F-11D3-BF4B-00C04F79EFBC}") = "Task1", "Task1\Task1.csproj", "{28BC35DB-87A5-47B6-B8BF-1D31028AAC00}"
EndProject
Global
	GlobalSection(SolutionConfigurationPlatforms) = preSolution
		Debug|Any CPU = Debug|Any CPU
		Release|Any CPU = Release|Any CPU
	EndGlobalSection
	GlobalSection(ProjectConfigurationPlatforms) = postSolution
		{88B0CC99-4DC4-4BD3-B9BB-C15B6E4FC131}.Debug|Any CPU.ActiveCfg = Debug|Any CPU
		{88B0CC99-4DC4-4BD3-B9BB-C15B6E4FC131}.Debug|Any CPU.Build.0 = Debug|Any CPU
		{88B0CC99-4DC4-4BD3-B9BB-C15B6E4FC131}.Release|Any CPU.ActiveCfg = Release|Any CPU
		{88B0CC99-4DC4-4BD3-B9BB-C15B6E4FC131}.Release|Any CPU.Build.0 = Release|Any CPU
		{E050C1DB-8D04-4A20-A442-E5FB777FB10E}.Debug|Any CPU.ActiveCfg = Debug|Any CPU
		{E050C1DB-8D04-4A20-A442-E5FB777FB10E}.Debug|Any CPU.Build.0 = Debug|Any CPU
		{E050C1DB-8D04-4A20-A442-E5FB777FB10E}.Release|Any CPU.ActiveCfg = Release|Any CPU
		{E050C1DB-8D04-4A20-A442-E5FB777FB10E}.Release|Any CPU.Build.0 = Release|Any CPU
		{45680C88-437D-4E85-B3FC-53F27F290638}.Debug|Any CPU.ActiveCfg = Debug|Any CPU
		{45680C88-437D-4E85-B3FC-53F27F290638}.Debug|Any CPU.Build.0 = Debug|Any CPU
		{45680C88-437D-4E85-B3FC-53F27F290638}.Release|Any CPU.ActiveCfg = Release|Any CPU
		{45680C88-437D-4E85-B3FC-53F27F290638}.Release|Any CPU.Build.0 = Release|Any CPU
		{28BC35DB-87A5-47B6-B8BF-1D31028AAC00}.Debug|Any CPU.ActiveCfg = Debug|Any CPU
		{28BC35DB-87A5-47B6-B8BF-1D31028AAC00}.Debug|Any CPU.Build.0 = Debug|Any CPU
		{28BC35DB-87A5-47B6-B8BF-1D31028AAC00}.Release|Any CPU.ActiveCfg = Release|Any CPU
		{28BC35DB-87A5-47B6-B8BF-1D31028AAC00}.Release|Any CPU.Build.0 = Release|Any CPU
	EndGlobalSection
	GlobalSection(SolutionProperties) = preSolution
		HideSolutionNode = FALSE
	EndGlobalSection
	GlobalSection(ExtensibilityGlobals) = postSolution
		SolutionGuid = {4FEAFA33-1C51-45D1-B458-8C4743CAF619}
	EndGlobalSection
EndGlobal
