
Microsoft Visual Studio Solution File, Format Version 12.00
# Visual Studio Version 17
VisualStudioVersion = 17.0.31903.59
MinimumVisualStudioVersion = 10.0.40219.1
Project("{9A19103F-16F7-4668-BE54-9A1E7A4F7556}") = "Task1", "Task1\Task1.csproj", "{3DF91AFB-124A-4C7C-92B3-82059AAEDFC3}"
EndProject
Project("{9A19103F-16F7-4668-BE54-9A1E7A4F7556}") = "Task2", "Task2\Task2.csproj", "{45F2671B-85B4-454E-8D76-80F060D6BC9F}"
EndProject
Project("{9A19103F-16F7-4668-BE54-9A1E7A4F7556}") = "Task3", "Task3\Task3.csproj", "{01934896-A4B0-4EFD-ABF3-B3B850E67FCA}"
EndProject
Project("{FAE04EC0-301F-11D3-BF4B-00C04F79EFBC}") = "Task4", "Task4\Task4.csproj", "{24FEE18E-A5D7-4CE3-9EFA-310B8A618531}"
EndProject
Global
	GlobalSection(SolutionConfigurationPlatforms) = preSolution
		Debug|Any CPU = Debug|Any CPU
		Release|Any CPU = Release|Any CPU
	EndGlobalSection
	GlobalSection(ProjectConfigurationPlatforms) = postSolution
		{3DF91AFB-124A-4C7C-92B3-82059AAEDFC3}.Debug|Any CPU.ActiveCfg = Debug|Any CPU
		{3DF91AFB-124A-4C7C-92B3-82059AAEDFC3}.Debug|Any CPU.Build.0 = Debug|Any CPU
		{3DF91AFB-124A-4C7C-92B3-82059AAEDFC3}.Release|Any CPU.ActiveCfg = Release|Any CPU
		{3DF91AFB-124A-4C7C-92B3-82059AAEDFC3}.Release|Any CPU.Build.0 = Release|Any CPU
		{45F2671B-85B4-454E-8D76-80F060D6BC9F}.Debug|Any CPU.ActiveCfg = Debug|Any CPU
		{45F2671B-85B4-454E-8D76-80F060D6BC9F}.Debug|Any CPU.Build.0 = Debug|Any CPU
		{45F2671B-85B4-454E-8D76-80F060D6BC9F}.Release|Any CPU.ActiveCfg = Release|Any CPU
		{45F2671B-85B4-454E-8D76-80F060D6BC9F}.Release|Any CPU.Build.0 = Release|Any CPU
		{01934896-A4B0-4EFD-ABF3-B3B850E67FCA}.Debug|Any CPU.ActiveCfg = Debug|Any CPU
		{01934896-A4B0-4EFD-ABF3-B3B850E67FCA}.Debug|Any CPU.Build.0 = Debug|Any CPU
		{01934896-A4B0-4EFD-ABF3-B3B850E67FCA}.Release|Any CPU.ActiveCfg = Release|Any CPU
		{01934896-A4B0-4EFD-ABF3-B3B850E67FCA}.Release|Any CPU.Build.0 = Release|Any CPU
		{24FEE18E-A5D7-4CE3-9EFA-310B8A618531}.Debug|Any CPU.ActiveCfg = Debug|Any CPU
		{24FEE18E-A5D7-4CE3-9EFA-310B8A618531}.Debug|Any CPU.Build.0 = Debug|Any CPU
		{24FEE18E-A5D7-4CE3-9EFA-310B8A618531}.Release|Any CPU.ActiveCfg = Release|Any CPU
		{24FEE18E-A5D7-4CE3-9EFA-310B8A618531}.Release|Any CPU.Build.0 = Release|Any CPU
	EndGlobalSection
	GlobalSection(SolutionProperties) = preSolution
		HideSolutionNode = FALSE
	EndGlobalSection
	GlobalSection(ExtensibilityGlobals) = postSolution
		SolutionGuid = {5BEB3FBF-58A6-4831-AF71-109B555CD0D3}
	EndGlobalSection
EndGlobal
