
Microsoft Visual Studio Solution File, Format Version 12.00
# Visual Studio Version 16
VisualStudioVersion = 16.0.31729.503
MinimumVisualStudioVersion = 10.0.40219.1
Project("{FAE04EC0-301F-11D3-BF4B-00C04F79EFBC}") = "Task3", "Task3\Task3.csproj", "{F3B48A35-72C3-4F8A-86CE-46E71120410E}"
EndProject
Global
	GlobalSection(SolutionConfigurationPlatforms) = preSolution
		Debug|Any CPU = Debug|Any CPU
		Release|Any CPU = Release|Any CPU
	EndGlobalSection
	GlobalSection(ProjectConfigurationPlatforms) = postSolution
		{F3B48A35-72C3-4F8A-86CE-46E71120410E}.Debug|Any CPU.ActiveCfg = Debug|Any CPU
		{F3B48A35-72C3-4F8A-86CE-46E71120410E}.Debug|Any CPU.Build.0 = Debug|Any CPU
		{F3B48A35-72C3-4F8A-86CE-46E71120410E}.Release|Any CPU.ActiveCfg = Release|Any CPU
		{F3B48A35-72C3-4F8A-86CE-46E71120410E}.Release|Any CPU.Build.0 = Release|Any CPU
	EndGlobalSection
	GlobalSection(SolutionProperties) = preSolution
		HideSolutionNode = FALSE
	EndGlobalSection
	GlobalSection(ExtensibilityGlobals) = postSolution
		SolutionGuid = {4E669DBD-C85A-48F9-B497-18643095B868}
	EndGlobalSection
EndGlobal
